<Solution>
  <Folder Name="/src/">
    <Project Path="src/Scanner.Model/Scanner.Model.csproj" />
    <Project Path="src/Scanner/Scanner.csproj" />
    <Project Path="src/Web/Web.csproj" />
    <Project Path="src/Mcp/Mcp.csproj" />
  </Folder>
  <Folder Name="/tests/">
    <Project Path="tests/Scanner.Tests/Scanner.Tests.csproj" />
  </Folder>
</Solution>
